
Microsoft Visual Studio Solution File, Format Version 12.00
# Visual Studio Version 17
VisualStudioVersion = 17.7.34018.315
MinimumVisualStudioVersion = 10.0.40219.1
Project("{FAE04EC0-301F-11D3-BF4B-00C04F79EFBC}") = "VehicleAdverts.API", "src\VehicleAdverts.API\VehicleAdverts.API.csproj", "{6553E2DF-F333-41E6-B377-FD1DA4560F59}"
EndProject
Global
	GlobalSection(SolutionConfigurationPlatforms) = preSolution
		Debug|Any CPU = Debug|Any CPU
		Release|Any CPU = Release|Any CPU
	EndGlobalSection
	GlobalSection(ProjectConfigurationPlatforms) = postSolution
		{6553E2DF-F333-41E6-B377-FD1DA4560F59}.Debug|Any CPU.ActiveCfg = Debug|Any CPU
		{6553E2DF-F333-41E6-B377-FD1DA4560F59}.Debug|Any CPU.Build.0 = Debug|Any CPU
		{6553E2DF-F333-41E6-B377-FD1DA4560F59}.Release|Any CPU.ActiveCfg = Release|Any CPU
		{6553E2DF-F333-41E6-B377-FD1DA4560F59}.Release|Any CPU.Build.0 = Release|Any CPU
	EndGlobalSection
	GlobalSection(SolutionProperties) = preSolution
		HideSolutionNode = FALSE
	EndGlobalSection
	GlobalSection(ExtensibilityGlobals) = postSolution
		SolutionGuid = {69A2AD25-5A00-4D74-BB77-945447C01FAF}
	EndGlobalSection
EndGlobal
